<Solution>
  <Configurations>
    <Platform Name="x64" />
    <Platform Name="x86" />
  </Configurations>
  <Project Path="BrowserDecryptData/BrowserDecryptData.vcxproj" Id="60cda186-81e1-4ed1-ab86-946b3b0c892d" />
  <Project Path="DllDecryptKey/DllDecryptKey.vcxproj" Id="2a479be7-310e-400c-a1bd-e0804c0833b1" />
</Solution>
