<?xml version="1.0" encoding="utf-8"?>
<Project ToolsVersion="4.0" xmlns="http://schemas.microsoft.com/developer/msbuild/2003">
  <ItemGroup>
    <Filter Include="Source Files">
      <UniqueIdentifier>{4FC737F1-C7A5-4376-A066-2A32D752A2FF}</UniqueIdentifier>
      <Extensions>cpp;c;cc;cxx;c++;cppm;ixx;def;odl;idl;hpj;bat;asm;asmx</Extensions>
    </Filter>
    <Filter Include="Header Files">
      <UniqueIdentifier>{93995380-89BD-4b04-88EB-625FBE52EBFB}</UniqueIdentifier>
      <Extensions>h;hh;hpp;hxx;h++;hm;inl;inc;ipp;xsd</Extensions>
    </Filter>
    <Filter Include="MemoryMapping">
      <UniqueIdentifier>{9773fa4c-18fd-4bf2-b7c2-70ca049a3b3c}</UniqueIdentifier>
    </Filter>
    <Filter Include="ProcessUtils">
      <UniqueIdentifier>{f361e795-89fa-48e7-b693-1d06514a6987}</UniqueIdentifier>
    </Filter>
  </ItemGroup>
  <ItemGroup>
    <ClCompile Include="main.cpp">
      <Filter>Source Files</Filter>
    </ClCompile>
    <ClCompile Include="MemoryMapping.cpp">
      <Filter>MemoryMapping</Filter>
    </ClCompile>
    <ClCompile Include="ProcessUtils.cpp">
      <Filter>ProcessUtils</Filter>
    </ClCompile>
    <ClCompile Include="Common.cpp">
      <Filter>Source Files</Filter>
    </ClCompile>
  </ItemGroup>
  <ItemGroup>
    <ClInclude Include="ResolveApi.h">
      <Filter>Header Files</Filter>
    </ClInclude>
    <ClInclude Include="MemoryMapping.h">
      <Filter>MemoryMapping</Filter>
    </ClInclude>
    <ClInclude Include="ProcessUtils.h">
      <Filter>ProcessUtils</Filter>
    </ClInclude>
    <ClInclude Include="Common.h">
      <Filter>Header Files</Filter>
    </ClInclude>
  </ItemGroup>
</Project>