<?xml version="1.0" encoding="utf-8"?>
<Project ToolsVersion="4.0" xmlns="http://schemas.microsoft.com/developer/msbuild/2003">
  <ItemGroup>
    <Filter Include="Source Files">
      <UniqueIdentifier>{4FC737F1-C7A5-4376-A066-2A32D752A2FF}</UniqueIdentifier>
      <Extensions>cpp;c;cc;cxx;c++;cppm;ixx;def;odl;idl;hpj;bat;asm;asmx</Extensions>
    </Filter>
    <Filter Include="Header Files">
      <UniqueIdentifier>{93995380-89BD-4b04-88EB-625FBE52EBFB}</UniqueIdentifier>
      <Extensions>h;hh;hpp;hxx;h++;hm;inl;inc;ipp;xsd</Extensions>
    </Filter>
    <Filter Include="MemoryMapping">
      <UniqueIdentifier>{f3ff9c74-edb5-4c54-9a0a-3c5301e688b0}</UniqueIdentifier>
    </Filter>
    <Filter Include="ProcessUtils">
      <UniqueIdentifier>{95d40c2a-f2a8-40c2-b6c5-ff6b9dacf8ad}</UniqueIdentifier>
    </Filter>
  </ItemGroup>
  <ItemGroup>
    <ClCompile Include="main.cpp">
      <Filter>Source Files</Filter>
    </ClCompile>
    <ClCompile Include="MemoryMapping.cpp">
      <Filter>MemoryMapping</Filter>
    </ClCompile>
    <ClCompile Include="ResolveApi.h">
      <Filter>Header Files</Filter>
    </ClCompile>
  </ItemGroup>
  <ItemGroup>
    <ClInclude Include="MemoryMapping.h">
      <Filter>MemoryMapping</Filter>
    </ClInclude>
  </ItemGroup>
</Project>